
Microsoft Visual Studio Solution File, Format Version 12.00
# Visual Studio Version 17
VisualStudioVersion = 17.13.35931.197
MinimumVisualStudioVersion = 10.0.40219.1
Project("{9A19103F-16F7-4668-BE54-9A1E7A4F7556}") = "case1", "case1\case1.csproj", "{32F459A8-332A-451D-B747-C1FEEF60974D}"
EndProject
Global
	GlobalSection(SolutionConfigurationPlatforms) = preSolution
		Debug|Any CPU = Debug|Any CPU
		Release|Any CPU = Release|Any CPU
	EndGlobalSection
	GlobalSection(ProjectConfigurationPlatforms) = postSolution
		{32F459A8-332A-451D-B747-C1FEEF60974D}.Debug|Any CPU.ActiveCfg = Debug|Any CPU
		{32F459A8-332A-451D-B747-C1FEEF60974D}.Debug|Any CPU.Build.0 = Debug|Any CPU
		{32F459A8-332A-451D-B747-C1FEEF60974D}.Release|Any CPU.ActiveCfg = Release|Any CPU
		{32F459A8-332A-451D-B747-C1FEEF60974D}.Release|Any CPU.Build.0 = Release|Any CPU
	EndGlobalSection
	GlobalSection(SolutionProperties) = preSolution
		HideSolutionNode = FALSE
	EndGlobalSection
	GlobalSection(ExtensibilityGlobals) = postSolution
		SolutionGuid = {0020C52F-A404-43B7-9CE5-9B88DCED0A75}
	EndGlobalSection
EndGlobal
